
Microsoft Visual Studio Solution File, Format Version 12.00
# Visual Studio Version 16
VisualStudioVersion = 16.0.33214.272
MinimumVisualStudioVersion = 10.0.40219.1
Project("{FAE04EC0-301F-11D3-BF4B-00C04F79EFBC}") = "FindPasswordsSHA256", "FindPasswordsSHA256\FindPasswordsSHA256.csproj", "{4ABFD78C-7EAC-4820-8CA4-E32B6CF40D8C}"
EndProject
Global
	GlobalSection(SolutionConfigurationPlatforms) = preSolution
		Debug|Any CPU = Debug|Any CPU
		Release|Any CPU = Release|Any CPU
	EndGlobalSection
	GlobalSection(ProjectConfigurationPlatforms) = postSolution
		{4ABFD78C-7EAC-4820-8CA4-E32B6CF40D8C}.Debug|Any CPU.ActiveCfg = Debug|Any CPU
		{4ABFD78C-7EAC-4820-8CA4-E32B6CF40D8C}.Debug|Any CPU.Build.0 = Debug|Any CPU
		{4ABFD78C-7EAC-4820-8CA4-E32B6CF40D8C}.Release|Any CPU.ActiveCfg = Release|Any CPU
		{4ABFD78C-7EAC-4820-8CA4-E32B6CF40D8C}.Release|Any CPU.Build.0 = Release|Any CPU
	EndGlobalSection
	GlobalSection(SolutionProperties) = preSolution
		HideSolutionNode = FALSE
	EndGlobalSection
	GlobalSection(ExtensibilityGlobals) = postSolution
		SolutionGuid = {8F265923-ACAB-40A6-A0D5-CED7D5713BE3}
	EndGlobalSection
EndGlobal
